// !$*UTF8*$!
{
	archiveVersion = 1;
	classes = {
	};
	objectVersion = 56;
	objects = {

/* Begin PBXBuildFile section */
		ACB94A1F2BBB07E200964D48 /* SourceKit_LSP_CommunicatorApp.swift in Sources */ = {isa = PBXBuildFile; fileRef = ACB94A1E2BBB07E200964D48 /* SourceKit_LSP_CommunicatorApp.swift */; };
		ACB94A212BBB07E200964D48 /* ContentView.swift in Sources */ = {isa = PBXBuildFile; fileRef = ACB94A202BBB07E200964D48 /* ContentView.swift */; };
		ACB94A232BBB07E400964D48 /* Assets.xcassets in Resources */ = {isa = PBXBuildFile; fileRef = ACB94A222BBB07E400964D48 /* Assets.xcassets */; };
		ACB94A262BBB07E400964D48 /* Preview Assets.xcassets in Resources */ = {isa = PBXBuildFile; fileRef = ACB94A252BBB07E400964D48 /* Preview Assets.xcassets */; };
		ACB94A312BBB07E400964D48 /* SourceKit_LSP_CommunicatorTests.swift in Sources */ = {isa = PBXBuildFile; fileRef = ACB94A302BBB07E400964D48 /* SourceKit_LSP_CommunicatorTests.swift */; };
		ACB94A3B2BBB07E400964D48 /* SourceKit_LSP_CommunicatorUITests.swift in Sources */ = {isa = PBXBuildFile; fileRef = ACB94A3A2BBB07E400964D48 /* SourceKit_LSP_CommunicatorUITests.swift */; };
		ACB94A3D2BBB07E400964D48 /* SourceKit_LSP_CommunicatorUITestsLaunchTests.swift in Sources */ = {isa = PBXBuildFile; fileRef = ACB94A3C2BBB07E400964D48 /* SourceKit_LSP_CommunicatorUITestsLaunchTests.swift */; };
		ACB94A4C2BBB121C00964D48 /* LSPBindings in Frameworks */ = {isa = PBXBuildFile; productRef = ACB94A4B2BBB121C00964D48 /* LSPBindings */; };
/* End PBXBuildFile section */

/* Begin PBXContainerItemProxy section */
		ACB94A2D2BBB07E400964D48 /* PBXContainerItemProxy */ = {
			isa = PBXContainerItemProxy;
			containerPortal = ACB94A132BBB07E200964D48 /* Project object */;
			proxyType = 1;
			remoteGlobalIDString = ACB94A1A2BBB07E200964D48;
			remoteInfo = "SourceKit-LSP-Communicator";
		};
		ACB94A372BBB07E400964D48 /* PBXContainerItemProxy */ = {
			isa = PBXContainerItemProxy;
			containerPortal = ACB94A132BBB07E200964D48 /* Project object */;
			proxyType = 1;
			remoteGlobalIDString = ACB94A1A2BBB07E200964D48;
			remoteInfo = "SourceKit-LSP-Communicator";
		};
/* End PBXContainerItemProxy section */

/* Begin PBXFileReference section */
		ACB94A1B2BBB07E200964D48 /* SourceKit-LSP-Communicator.app */ = {isa = PBXFileReference; explicitFileType = wrapper.application; includeInIndex = 0; path = "SourceKit-LSP-Communicator.app"; sourceTree = BUILT_PRODUCTS_DIR; };
		ACB94A1E2BBB07E200964D48 /* SourceKit_LSP_CommunicatorApp.swift */ = {isa = PBXFileReference; lastKnownFileType = sourcecode.swift; path = SourceKit_LSP_CommunicatorApp.swift; sourceTree = "<group>"; };
		ACB94A202BBB07E200964D48 /* ContentView.swift */ = {isa = PBXFileReference; lastKnownFileType = sourcecode.swift; path = ContentView.swift; sourceTree = "<group>"; };
		ACB94A222BBB07E400964D48 /* Assets.xcassets */ = {isa = PBXFileReference; lastKnownFileType = folder.assetcatalog; path = Assets.xcassets; sourceTree = "<group>"; };
		ACB94A252BBB07E400964D48 /* Preview Assets.xcassets */ = {isa = PBXFileReference; lastKnownFileType = folder.assetcatalog; path = "Preview Assets.xcassets"; sourceTree = "<group>"; };
		ACB94A272BBB07E400964D48 /* SourceKit_LSP_Communicator.entitlements */ = {isa = PBXFileReference; lastKnownFileType = text.plist.entitlements; path = SourceKit_LSP_Communicator.entitlements; sourceTree = "<group>"; };
		ACB94A2C2BBB07E400964D48 /* SourceKit-LSP-CommunicatorTests.xctest */ = {isa = PBXFileReference; explicitFileType = wrapper.cfbundle; includeInIndex = 0; path = "SourceKit-LSP-CommunicatorTests.xctest"; sourceTree = BUILT_PRODUCTS_DIR; };
		ACB94A302BBB07E400964D48 /* SourceKit_LSP_CommunicatorTests.swift */ = {isa = PBXFileReference; lastKnownFileType = sourcecode.swift; path = SourceKit_LSP_CommunicatorTests.swift; sourceTree = "<group>"; };
		ACB94A362BBB07E400964D48 /* SourceKit-LSP-CommunicatorUITests.xctest */ = {isa = PBXFileReference; explicitFileType = wrapper.cfbundle; includeInIndex = 0; path = "SourceKit-LSP-CommunicatorUITests.xctest"; sourceTree = BUILT_PRODUCTS_DIR; };
		ACB94A3A2BBB07E400964D48 /* SourceKit_LSP_CommunicatorUITests.swift */ = {isa = PBXFileReference; lastKnownFileType = sourcecode.swift; path = SourceKit_LSP_CommunicatorUITests.swift; sourceTree = "<group>"; };
		ACB94A3C2BBB07E400964D48 /* SourceKit_LSP_CommunicatorUITestsLaunchTests.swift */ = {isa = PBXFileReference; lastKnownFileType = sourcecode.swift; path = SourceKit_LSP_CommunicatorUITestsLaunchTests.swift; sourceTree = "<group>"; };
/* End PBXFileReference section */

/* Begin PBXFrameworksBuildPhase section */
		ACB94A182BBB07E200964D48 /* Frameworks */ = {
			isa = PBXFrameworksBuildPhase;
			buildActionMask = 2147483647;
			files = (
				ACB94A4C2BBB121C00964D48 /* LSPBindings in Frameworks */,
			);
			runOnlyForDeploymentPostprocessing = 0;
		};
		ACB94A292BBB07E400964D48 /* Frameworks */ = {
			isa = PBXFrameworksBuildPhase;
			buildActionMask = 2147483647;
			files = (
			);
			runOnlyForDeploymentPostprocessing = 0;
		};
		ACB94A332BBB07E400964D48 /* Frameworks */ = {
			isa = PBXFrameworksBuildPhase;
			buildActionMask = 2147483647;
			files = (
			);
			runOnlyForDeploymentPostprocessing = 0;
		};
/* End PBXFrameworksBuildPhase section */

/* Begin PBXGroup section */
		ACB94A122BBB07E200964D48 = {
			isa = PBXGroup;
			children = (
				ACB94A1D2BBB07E200964D48 /* SourceKit-LSP-Communicator */,
				ACB94A2F2BBB07E400964D48 /* SourceKit-LSP-CommunicatorTests */,
				ACB94A392BBB07E400964D48 /* SourceKit-LSP-CommunicatorUITests */,
				ACB94A1C2BBB07E200964D48 /* Products */,
				ACB94A4A2BBB121C00964D48 /* Frameworks */,
			);
			sourceTree = "<group>";
		};
		ACB94A1C2BBB07E200964D48 /* Products */ = {
			isa = PBXGroup;
			children = (
				ACB94A1B2BBB07E200964D48 /* SourceKit-LSP-Communicator.app */,
				ACB94A2C2BBB07E400964D48 /* SourceKit-LSP-CommunicatorTests.xctest */,
				ACB94A362BBB07E400964D48 /* SourceKit-LSP-CommunicatorUITests.xctest */,
			);
			name = Products;
			sourceTree = "<group>";
		};
		ACB94A1D2BBB07E200964D48 /* SourceKit-LSP-Communicator */ = {
			isa = PBXGroup;
			children = (
				ACB94A1E2BBB07E200964D48 /* SourceKit_LSP_CommunicatorApp.swift */,
				ACB94A202BBB07E200964D48 /* ContentView.swift */,
				ACB94A222BBB07E400964D48 /* Assets.xcassets */,
				ACB94A272BBB07E400964D48 /* SourceKit_LSP_Communicator.entitlements */,
				ACB94A242BBB07E400964D48 /* Preview Content */,
			);
			path = "SourceKit-LSP-Communicator";
			sourceTree = "<group>";
		};
		ACB94A242BBB07E400964D48 /* Preview Content */ = {
			isa = PBXGroup;
			children = (
				ACB94A252BBB07E400964D48 /* Preview Assets.xcassets */,
			);
			path = "Preview Content";
			sourceTree = "<group>";
		};
		ACB94A2F2BBB07E400964D48 /* SourceKit-LSP-CommunicatorTests */ = {
			isa = PBXGroup;
			children = (
				ACB94A302BBB07E400964D48 /* SourceKit_LSP_CommunicatorTests.swift */,
			);
			path = "SourceKit-LSP-CommunicatorTests";
			sourceTree = "<group>";
		};
		ACB94A392BBB07E400964D48 /* SourceKit-LSP-CommunicatorUITests */ = {
			isa = PBXGroup;
			children = (
				ACB94A3A2BBB07E400964D48 /* SourceKit_LSP_CommunicatorUITests.swift */,
				ACB94A3C2BBB07E400964D48 /* SourceKit_LSP_CommunicatorUITestsLaunchTests.swift */,
			);
			path = "SourceKit-LSP-CommunicatorUITests";
			sourceTree = "<group>";
		};
		ACB94A4A2BBB121C00964D48 /* Frameworks */ = {
			isa = PBXGroup;
			children = (
			);
			name = Frameworks;
			sourceTree = "<group>";
		};
/* End PBXGroup section */

/* Begin PBXNativeTarget section */
		ACB94A1A2BBB07E200964D48 /* SourceKit-LSP-Communicator */ = {
			isa = PBXNativeTarget;
			buildConfigurationList = ACB94A402BBB07E400964D48 /* Build configuration list for PBXNativeTarget "SourceKit-LSP-Communicator" */;
			buildPhases = (
				ACB94A172BBB07E200964D48 /* Sources */,
				ACB94A182BBB07E200964D48 /* Frameworks */,
				ACB94A192BBB07E200964D48 /* Resources */,
			);
			buildRules = (
			);
			dependencies = (
			);
			name = "SourceKit-LSP-Communicator";
			packageProductDependencies = (
				ACB94A4B2BBB121C00964D48 /* LSPBindings */,
			);
			productName = "SourceKit-LSP-Communicator";
			productReference = ACB94A1B2BBB07E200964D48 /* SourceKit-LSP-Communicator.app */;
			productType = "com.apple.product-type.application";
		};
		ACB94A2B2BBB07E400964D48 /* SourceKit-LSP-CommunicatorTests */ = {
			isa = PBXNativeTarget;
			buildConfigurationList = ACB94A432BBB07E400964D48 /* Build configuration list for PBXNativeTarget "SourceKit-LSP-CommunicatorTests" */;
			buildPhases = (
				ACB94A282BBB07E400964D48 /* Sources */,
				ACB94A292BBB07E400964D48 /* Frameworks */,
				ACB94A2A2BBB07E400964D48 /* Resources */,
			);
			buildRules = (
			);
			dependencies = (
				ACB94A2E2BBB07E400964D48 /* PBXTargetDependency */,
			);
			name = "SourceKit-LSP-CommunicatorTests";
			productName = "SourceKit-LSP-CommunicatorTests";
			productReference = ACB94A2C2BBB07E400964D48 /* SourceKit-LSP-CommunicatorTests.xctest */;
			productType = "com.apple.product-type.bundle.unit-test";
		};
		ACB94A352BBB07E400964D48 /* SourceKit-LSP-CommunicatorUITests */ = {
			isa = PBXNativeTarget;
			buildConfigurationList = ACB94A462BBB07E400964D48 /* Build configuration list for PBXNativeTarget "SourceKit-LSP-CommunicatorUITests" */;
			buildPhases = (
				ACB94A322BBB07E400964D48 /* Sources */,
				ACB94A332BBB07E400964D48 /* Frameworks */,
				ACB94A342BBB07E400964D48 /* Resources */,
			);
			buildRules = (
			);
			dependencies = (
				ACB94A382BBB07E400964D48 /* PBXTargetDependency */,
			);
			name = "SourceKit-LSP-CommunicatorUITests";
			productName = "SourceKit-LSP-CommunicatorUITests";
			productReference = ACB94A362BBB07E400964D48 /* SourceKit-LSP-CommunicatorUITests.xctest */;
			productType = "com.apple.product-type.bundle.ui-testing";
		};
/* End PBXNativeTarget section */

/* Begin PBXProject section */
		ACB94A132BBB07E200964D48 /* Project object */ = {
			isa = PBXProject;
			attributes = {
				BuildIndependentTargetsInParallel = 1;
				LastSwiftUpdateCheck = 1520;
				LastUpgradeCheck = 1520;
				TargetAttributes = {
					ACB94A1A2BBB07E200964D48 = {
						CreatedOnToolsVersion = 15.2;
					};
					ACB94A2B2BBB07E400964D48 = {
						CreatedOnToolsVersion = 15.2;
						TestTargetID = ACB94A1A2BBB07E200964D48;
					};
					ACB94A352BBB07E400964D48 = {
						CreatedOnToolsVersion = 15.2;
						TestTargetID = ACB94A1A2BBB07E200964D48;
					};
				};
			};
			buildConfigurationList = ACB94A162BBB07E200964D48 /* Build configuration list for PBXProject "SourceKit-LSP-Communicator" */;
			compatibilityVersion = "Xcode 14.0";
			developmentRegion = en;
			hasScannedForEncodings = 0;
			knownRegions = (
				en,
				Base,
			);
			mainGroup = ACB94A122BBB07E200964D48;
			packageReferences = (
				ACB94A492BBB11E000964D48 /* XCRemoteSwiftPackageReference "sourcekit-lsp" */,
			);
			productRefGroup = ACB94A1C2BBB07E200964D48 /* Products */;
			projectDirPath = "";
			projectRoot = "";
			targets = (
				ACB94A1A2BBB07E200964D48 /* SourceKit-LSP-Communicator */,
				ACB94A2B2BBB07E400964D48 /* SourceKit-LSP-CommunicatorTests */,
				ACB94A352BBB07E400964D48 /* SourceKit-LSP-CommunicatorUITests */,
			);
		};
/* End PBXProject section */

/* Begin PBXResourcesBuildPhase section */
		ACB94A192BBB07E200964D48 /* Resources */ = {
			isa = PBXResourcesBuildPhase;
			buildActionMask = 2147483647;
			files = (
				ACB94A262BBB07E400964D48 /* Preview Assets.xcassets in Resources */,
				ACB94A232BBB07E400964D48 /* Assets.xcassets in Resources */,
			);
			runOnlyForDeploymentPostprocessing = 0;
		};
		ACB94A2A2BBB07E400964D48 /* Resources */ = {
			isa = PBXResourcesBuildPhase;
			buildActionMask = 2147483647;
			files = (
			);
			runOnlyForDeploymentPostprocessing = 0;
		};
		ACB94A342BBB07E400964D48 /* Resources */ = {
			isa = PBXResourcesBuildPhase;
			buildActionMask = 2147483647;
			files = (
			);
			runOnlyForDeploymentPostprocessing = 0;
		};
/* End PBXResourcesBuildPhase section */

/* Begin PBXSourcesBuildPhase section */
		ACB94A172BBB07E200964D48 /* Sources */ = {
			isa = PBXSourcesBuildPhase;
			buildActionMask = 2147483647;
			files = (
				ACB94A212BBB07E200964D48 /* ContentView.swift in Sources */,
				ACB94A1F2BBB07E200964D48 /* SourceKit_LSP_CommunicatorApp.swift in Sources */,
			);
			runOnlyForDeploymentPostprocessing = 0;
		};
		ACB94A282BBB07E400964D48 /* Sources */ = {
			isa = PBXSourcesBuildPhase;
			buildActionMask = 2147483647;
			files = (
				ACB94A312BBB07E400964D48 /* SourceKit_LSP_CommunicatorTests.swift in Sources */,
			);
			runOnlyForDeploymentPostprocessing = 0;
		};
		ACB94A322BBB07E400964D48 /* Sources */ = {
			isa = PBXSourcesBuildPhase;
			buildActionMask = 2147483647;
			files = (
				ACB94A3B2BBB07E400964D48 /* SourceKit_LSP_CommunicatorUITests.swift in Sources */,
				ACB94A3D2BBB07E400964D48 /* SourceKit_LSP_CommunicatorUITestsLaunchTests.swift in Sources */,
			);
			runOnlyForDeploymentPostprocessing = 0;
		};
/* End PBXSourcesBuildPhase section */

/* Begin PBXTargetDependency section */
		ACB94A2E2BBB07E400964D48 /* PBXTargetDependency */ = {
			isa = PBXTargetDependency;
			target = ACB94A1A2BBB07E200964D48 /* SourceKit-LSP-Communicator */;
			targetProxy = ACB94A2D2BBB07E400964D48 /* PBXContainerItemProxy */;
		};
		ACB94A382BBB07E400964D48 /* PBXTargetDependency */ = {
			isa = PBXTargetDependency;
			target = ACB94A1A2BBB07E200964D48 /* SourceKit-LSP-Communicator */;
			targetProxy = ACB94A372BBB07E400964D48 /* PBXContainerItemProxy */;
		};
/* End PBXTargetDependency section */

/* Begin XCBuildConfiguration section */
		ACB94A3E2BBB07E400964D48 /* Debug */ = {
			isa = XCBuildConfiguration;
			buildSettings = {
				ALWAYS_SEARCH_USER_PATHS = NO;
				ASSETCATALOG_COMPILER_GENERATE_SWIFT_ASSET_SYMBOL_EXTENSIONS = YES;
				CLANG_ANALYZER_NONNULL = YES;
				CLANG_ANALYZER_NUMBER_OBJECT_CONVERSION = YES_AGGRESSIVE;
				CLANG_CXX_LANGUAGE_STANDARD = "gnu++20";
				CLANG_ENABLE_MODULES = YES;
				CLANG_ENABLE_OBJC_ARC = YES;
				CLANG_ENABLE_OBJC_WEAK = YES;
				CLANG_WARN_BLOCK_CAPTURE_AUTORELEASING = YES;
				CLANG_WARN_BOOL_CONVERSION = YES;
				CLANG_WARN_COMMA = YES;
				CLANG_WARN_CONSTANT_CONVERSION = YES;
				CLANG_WARN_DEPRECATED_OBJC_IMPLEMENTATIONS = YES;
				CLANG_WARN_DIRECT_OBJC_ISA_USAGE = YES_ERROR;
				CLANG_WARN_DOCUMENTATION_COMMENTS = YES;
				CLANG_WARN_EMPTY_BODY = YES;
				CLANG_WARN_ENUM_CONVERSION = YES;
				CLANG_WARN_INFINITE_RECURSION = YES;
				CLANG_WARN_INT_CONVERSION = YES;
				CLANG_WARN_NON_LITERAL_NULL_CONVERSION = YES;
				CLANG_WARN_OBJC_IMPLICIT_RETAIN_SELF = YES;
				CLANG_WARN_OBJC_LITERAL_CONVERSION = YES;
				CLANG_WARN_OBJC_ROOT_CLASS = YES_ERROR;
				CLANG_WARN_QUOTED_INCLUDE_IN_FRAMEWORK_HEADER = YES;
				CLANG_WARN_RANGE_LOOP_ANALYSIS = YES;
				CLANG_WARN_STRICT_PROTOTYPES = YES;
				CLANG_WARN_SUSPICIOUS_MOVE = YES;
				CLANG_WARN_UNGUARDED_AVAILABILITY = YES_AGGRESSIVE;
				CLANG_WARN_UNREACHABLE_CODE = YES;
				CLANG_WARN__DUPLICATE_METHOD_MATCH = YES;
				COPY_PHASE_STRIP = NO;
				DEBUG_INFORMATION_FORMAT = dwarf;
				ENABLE_STRICT_OBJC_MSGSEND = YES;
				ENABLE_TESTABILITY = YES;
				ENABLE_USER_SCRIPT_SANDBOXING = YES;
				GCC_C_LANGUAGE_STANDARD = gnu17;
				GCC_DYNAMIC_NO_PIC = NO;
				GCC_NO_COMMON_BLOCKS = YES;
				GCC_OPTIMIZATION_LEVEL = 0;
				GCC_PREPROCESSOR_DEFINITIONS = (
					"DEBUG=1",
					"$(inherited)",
				);
				GCC_WARN_64_TO_32_BIT_CONVERSION = YES;
				GCC_WARN_ABOUT_RETURN_TYPE = YES_ERROR;
				GCC_WARN_UNDECLARED_SELECTOR = YES;
				GCC_WARN_UNINITIALIZED_AUTOS = YES_AGGRESSIVE;
				GCC_WARN_UNUSED_FUNCTION = YES;
				GCC_WARN_UNUSED_VARIABLE = YES;
				LOCALIZATION_PREFERS_STRING_CATALOGS = YES;
				MACOSX_DEPLOYMENT_TARGET = 14.2;
				MTL_ENABLE_DEBUG_INFO = INCLUDE_SOURCE;
				MTL_FAST_MATH = YES;
				ONLY_ACTIVE_ARCH = YES;
				SDKROOT = macosx;
				SWIFT_ACTIVE_COMPILATION_CONDITIONS = "DEBUG $(inherited)";
				SWIFT_OPTIMIZATION_LEVEL = "-Onone";
			};
			name = Debug;
		};
		ACB94A3F2BBB07E400964D48 /* Release */ = {
			isa = XCBuildConfiguration;
			buildSettings = {
				ALWAYS_SEARCH_USER_PATHS = NO;
				ASSETCATALOG_COMPILER_GENERATE_SWIFT_ASSET_SYMBOL_EXTENSIONS = YES;
				CLANG_ANALYZER_NONNULL = YES;
				CLANG_ANALYZER_NUMBER_OBJECT_CONVERSION = YES_AGGRESSIVE;
				CLANG_CXX_LANGUAGE_STANDARD = "gnu++20";
				CLANG_ENABLE_MODULES = YES;
				CLANG_ENABLE_OBJC_ARC = YES;
				CLANG_ENABLE_OBJC_WEAK = YES;
				CLANG_WARN_BLOCK_CAPTURE_AUTORELEASING = YES;
				CLANG_WARN_BOOL_CONVERSION = YES;
				CLANG_WARN_COMMA = YES;
				CLANG_WARN_CONSTANT_CONVERSION = YES;
				CLANG_WARN_DEPRECATED_OBJC_IMPLEMENTATIONS = YES;
				CLANG_WARN_DIRECT_OBJC_ISA_USAGE = YES_ERROR;
				CLANG_WARN_DOCUMENTATION_COMMENTS = YES;
				CLANG_WARN_EMPTY_BODY = YES;
				CLANG_WARN_ENUM_CONVERSION = YES;
				CLANG_WARN_INFINITE_RECURSION = YES;
				CLANG_WARN_INT_CONVERSION = YES;
				CLANG_WARN_NON_LITERAL_NULL_CONVERSION = YES;
				CLANG_WARN_OBJC_IMPLICIT_RETAIN_SELF = YES;
				CLANG_WARN_OBJC_LITERAL_CONVERSION = YES;
				CLANG_WARN_OBJC_ROOT_CLASS = YES_ERROR;
				CLANG_WARN_QUOTED_INCLUDE_IN_FRAMEWORK_HEADER = YES;
				CLANG_WARN_RANGE_LOOP_ANALYSIS = YES;
				CLANG_WARN_STRICT_PROTOTYPES = YES;
				CLANG_WARN_SUSPICIOUS_MOVE = YES;
				CLANG_WARN_UNGUARDED_AVAILABILITY = YES_AGGRESSIVE;
				CLANG_WARN_UNREACHABLE_CODE = YES;
				CLANG_WARN__DUPLICATE_METHOD_MATCH = YES;
				COPY_PHASE_STRIP = NO;
				DEBUG_INFORMATION_FORMAT = "dwarf-with-dsym";
				ENABLE_NS_ASSERTIONS = NO;
				ENABLE_STRICT_OBJC_MSGSEND = YES;
				ENABLE_USER_SCRIPT_SANDBOXING = YES;
				GCC_C_LANGUAGE_STANDARD = gnu17;
				GCC_NO_COMMON_BLOCKS = YES;
				GCC_WARN_64_TO_32_BIT_CONVERSION = YES;
				GCC_WARN_ABOUT_RETURN_TYPE = YES_ERROR;
				GCC_WARN_UNDECLARED_SELECTOR = YES;
				GCC_WARN_UNINITIALIZED_AUTOS = YES_AGGRESSIVE;
				GCC_WARN_UNUSED_FUNCTION = YES;
				GCC_WARN_UNUSED_VARIABLE = YES;
				LOCALIZATION_PREFERS_STRING_CATALOGS = YES;
				MACOSX_DEPLOYMENT_TARGET = 14.2;
				MTL_ENABLE_DEBUG_INFO = NO;
				MTL_FAST_MATH = YES;
				SDKROOT = macosx;
				SWIFT_COMPILATION_MODE = wholemodule;
			};
			name = Release;
		};
		ACB94A412BBB07E400964D48 /* Debug */ = {
			isa = XCBuildConfiguration;
			buildSettings = {
				ASSETCATALOG_COMPILER_APPICON_NAME = AppIcon;
				ASSETCATALOG_COMPILER_GLOBAL_ACCENT_COLOR_NAME = AccentColor;
				CODE_SIGN_ENTITLEMENTS = "SourceKit-LSP-Communicator/SourceKit_LSP_Communicator.entitlements";
				CODE_SIGN_STYLE = Automatic;
				COMBINE_HIDPI_IMAGES = YES;
				CURRENT_PROJECT_VERSION = 1;
				DEVELOPMENT_ASSET_PATHS = "\"SourceKit-LSP-Communicator/Preview Content\"";
				DEVELOPMENT_TEAM = Y2VF5F9C77;
				ENABLE_HARDENED_RUNTIME = YES;
				ENABLE_PREVIEWS = YES;
				GENERATE_INFOPLIST_FILE = YES;
				INFOPLIST_KEY_NSHumanReadableCopyright = "";
				LD_RUNPATH_SEARCH_PATHS = (
					"$(inherited)",
					"@executable_path/../Frameworks",
				);
				MARKETING_VERSION = 1.0;
				PRODUCT_BUNDLE_IDENTIFIER = "com.gmail.haloupgarou.SourceKit-LSP-Communicator";
				PRODUCT_NAME = "$(TARGET_NAME)";
				SWIFT_EMIT_LOC_STRINGS = YES;
				SWIFT_VERSION = 5.0;
			};
			name = Debug;
		};
		ACB94A422BBB07E400964D48 /* Release */ = {
			isa = XCBuildConfiguration;
			buildSettings = {
				ASSETCATALOG_COMPILER_APPICON_NAME = AppIcon;
				ASSETCATALOG_COMPILER_GLOBAL_ACCENT_COLOR_NAME = AccentColor;
				CODE_SIGN_ENTITLEMENTS = "SourceKit-LSP-Communicator/SourceKit_LSP_Communicator.entitlements";
				CODE_SIGN_STYLE = Automatic;
				COMBINE_HIDPI_IMAGES = YES;
				CURRENT_PROJECT_VERSION = 1;
				DEVELOPMENT_ASSET_PATHS = "\"SourceKit-LSP-Communicator/Preview Content\"";
				DEVELOPMENT_TEAM = Y2VF5F9C77;
				ENABLE_HARDENED_RUNTIME = YES;
				ENABLE_PREVIEWS = YES;
				GENERATE_INFOPLIST_FILE = YES;
				INFOPLIST_KEY_NSHumanReadableCopyright = "";
				LD_RUNPATH_SEARCH_PATHS = (
					"$(inherited)",
					"@executable_path/../Frameworks",
				);
				MARKETING_VERSION = 1.0;
				PRODUCT_BUNDLE_IDENTIFIER = "com.gmail.haloupgarou.SourceKit-LSP-Communicator";
				PRODUCT_NAME = "$(TARGET_NAME)";
				SWIFT_EMIT_LOC_STRINGS = YES;
				SWIFT_VERSION = 5.0;
			};
			name = Release;
		};
		ACB94A442BBB07E400964D48 /* Debug */ = {
			isa = XCBuildConfiguration;
			buildSettings = {
				ALWAYS_EMBED_SWIFT_STANDARD_LIBRARIES = YES;
				BUNDLE_LOADER = "$(TEST_HOST)";
				CODE_SIGN_STYLE = Automatic;
				CURRENT_PROJECT_VERSION = 1;
				DEVELOPMENT_TEAM = Y2VF5F9C77;
				GENERATE_INFOPLIST_FILE = YES;
				MACOSX_DEPLOYMENT_TARGET = 14.2;
				MARKETING_VERSION = 1.0;
				PRODUCT_BUNDLE_IDENTIFIER = "com.gmail.haloupgarou.SourceKit-LSP-CommunicatorTests";
				PRODUCT_NAME = "$(TARGET_NAME)";
				SWIFT_EMIT_LOC_STRINGS = NO;
				SWIFT_VERSION = 5.0;
				TEST_HOST = "$(BUILT_PRODUCTS_DIR)/SourceKit-LSP-Communicator.app/$(BUNDLE_EXECUTABLE_FOLDER_PATH)/SourceKit-LSP-Communicator";
			};
			name = Debug;
		};
		ACB94A452BBB07E400964D48 /* Release */ = {
			isa = XCBuildConfiguration;
			buildSettings = {
				ALWAYS_EMBED_SWIFT_STANDARD_LIBRARIES = YES;
				BUNDLE_LOADER = "$(TEST_HOST)";
				CODE_SIGN_STYLE = Automatic;
				CURRENT_PROJECT_VERSION = 1;
				DEVELOPMENT_TEAM = Y2VF5F9C77;
				GENERATE_INFOPLIST_FILE = YES;
				MACOSX_DEPLOYMENT_TARGET = 14.2;
				MARKETING_VERSION = 1.0;
				PRODUCT_BUNDLE_IDENTIFIER = "com.gmail.haloupgarou.SourceKit-LSP-CommunicatorTests";
				PRODUCT_NAME = "$(TARGET_NAME)";
				SWIFT_EMIT_LOC_STRINGS = NO;
				SWIFT_VERSION = 5.0;
				TEST_HOST = "$(BUILT_PRODUCTS_DIR)/SourceKit-LSP-Communicator.app/$(BUNDLE_EXECUTABLE_FOLDER_PATH)/SourceKit-LSP-Communicator";
			};
			name = Release;
		};
		ACB94A472BBB07E400964D48 /* Debug */ = {
			isa = XCBuildConfiguration;
			buildSettings = {
				ALWAYS_EMBED_SWIFT_STANDARD_LIBRARIES = YES;
				CODE_SIGN_STYLE = Automatic;
				CURRENT_PROJECT_VERSION = 1;
				DEVELOPMENT_TEAM = Y2VF5F9C77;
				GENERATE_INFOPLIST_FILE = YES;
				MARKETING_VERSION = 1.0;
				PRODUCT_BUNDLE_IDENTIFIER = "com.gmail.haloupgarou.SourceKit-LSP-CommunicatorUITests";
				PRODUCT_NAME = "$(TARGET_NAME)";
				SWIFT_EMIT_LOC_STRINGS = NO;
				SWIFT_VERSION = 5.0;
				TEST_TARGET_NAME = "SourceKit-LSP-Communicator";
			};
			name = Debug;
		};
		ACB94A482BBB07E400964D48 /* Release */ = {
			isa = XCBuildConfiguration;
			buildSettings = {
				ALWAYS_EMBED_SWIFT_STANDARD_LIBRARIES = YES;
				CODE_SIGN_STYLE = Automatic;
				CURRENT_PROJECT_VERSION = 1;
				DEVELOPMENT_TEAM = Y2VF5F9C77;
				GENERATE_INFOPLIST_FILE = YES;
				MARKETING_VERSION = 1.0;
				PRODUCT_BUNDLE_IDENTIFIER = "com.gmail.haloupgarou.SourceKit-LSP-CommunicatorUITests";
				PRODUCT_NAME = "$(TARGET_NAME)";
				SWIFT_EMIT_LOC_STRINGS = NO;
				SWIFT_VERSION = 5.0;
				TEST_TARGET_NAME = "SourceKit-LSP-Communicator";
			};
			name = Release;
		};
/* End XCBuildConfiguration section */

/* Begin XCConfigurationList section */
		ACB94A162BBB07E200964D48 /* Build configuration list for PBXProject "SourceKit-LSP-Communicator" */ = {
			isa = XCConfigurationList;
			buildConfigurations = (
				ACB94A3E2BBB07E400964D48 /* Debug */,
				ACB94A3F2BBB07E400964D48 /* Release */,
			);
			defaultConfigurationIsVisible = 0;
			defaultConfigurationName = Release;
		};
		ACB94A402BBB07E400964D48 /* Build configuration list for PBXNativeTarget "SourceKit-LSP-Communicator" */ = {
			isa = XCConfigurationList;
			buildConfigurations = (
				ACB94A412BBB07E400964D48 /* Debug */,
				ACB94A422BBB07E400964D48 /* Release */,
			);
			defaultConfigurationIsVisible = 0;
			defaultConfigurationName = Release;
		};
		ACB94A432BBB07E400964D48 /* Build configuration list for PBXNativeTarget "SourceKit-LSP-CommunicatorTests" */ = {
			isa = XCConfigurationList;
			buildConfigurations = (
				ACB94A442BBB07E400964D48 /* Debug */,
				ACB94A452BBB07E400964D48 /* Release */,
			);
			defaultConfigurationIsVisible = 0;
			defaultConfigurationName = Release;
		};
		ACB94A462BBB07E400964D48 /* Build configuration list for PBXNativeTarget "SourceKit-LSP-CommunicatorUITests" */ = {
			isa = XCConfigurationList;
			buildConfigurations = (
				ACB94A472BBB07E400964D48 /* Debug */,
				ACB94A482BBB07E400964D48 /* Release */,
			);
			defaultConfigurationIsVisible = 0;
			defaultConfigurationName = Release;
		};
/* End XCConfigurationList section */

/* Begin XCRemoteSwiftPackageReference section */
		ACB94A492BBB11E000964D48 /* XCRemoteSwiftPackageReference "sourcekit-lsp" */ = {
			isa = XCRemoteSwiftPackageReference;
			repositoryURL = "https://github.com/apple/sourcekit-lsp.git";
			requirement = {
				branch = release/5.10;
				kind = branch;
			};
		};
/* End XCRemoteSwiftPackageReference section */

/* Begin XCSwiftPackageProductDependency section */
		ACB94A4B2BBB121C00964D48 /* LSPBindings */ = {
			isa = XCSwiftPackageProductDependency;
			package = ACB94A492BBB11E000964D48 /* XCRemoteSwiftPackageReference "sourcekit-lsp" */;
			productName = LSPBindings;
		};
/* End XCSwiftPackageProductDependency section */
	};
	rootObject = ACB94A132BBB07E200964D48 /* Project object */;
}
